
Microsoft Visual Studio Solution File, Format Version 12.00
# Visual Studio Version 16
VisualStudioVersion = 16.0.28902.138
MinimumVisualStudioVersion = 10.0.40219.1
Project("{FAE04EC0-301F-11D3-BF4B-00C04F79EFBC}") = "UserInput.Wpf", "UserInput.Wpf.csproj", "{5A27BDF3-F76D-4F5F-985D-251CBC6E7E33}"
EndProject
Global
	GlobalSection(SolutionConfigurationPlatforms) = preSolution
		Debug|Any CPU = Debug|Any CPU
		Release|Any CPU = Release|Any CPU
	EndGlobalSection
	GlobalSection(ProjectConfigurationPlatforms) = postSolution
		{5A27BDF3-F76D-4F5F-985D-251CBC6E7E33}.Debug|Any CPU.ActiveCfg = Debug|Any CPU
		{5A27BDF3-F76D-4F5F-985D-251CBC6E7E33}.Debug|Any CPU.Build.0 = Debug|Any CPU
		{5A27BDF3-F76D-4F5F-985D-251CBC6E7E33}.Release|Any CPU.ActiveCfg = Release|Any CPU
		{5A27BDF3-F76D-4F5F-985D-251CBC6E7E33}.Release|Any CPU.Build.0 = Release|Any CPU
	EndGlobalSection
	GlobalSection(SolutionProperties) = preSolution
		HideSolutionNode = FALSE
	EndGlobalSection
	GlobalSection(ExtensibilityGlobals) = postSolution
		SolutionGuid = {B468EDA9-D7D9-41A4-8CAE-FF0DF864169D}
	EndGlobalSection
EndGlobal
